
Microsoft Visual Studio Solution File, Format Version 12.00
# Visual Studio Version 17
VisualStudioVersion = 17.3.32819.101
MinimumVisualStudioVersion = 10.0.40219.1
Project("{FAE04EC0-301F-11D3-BF4B-00C04F79EFBC}") = "Logger With Exception", "Logger With Exception\Logger With Exception.csproj", "{E5241F5A-BB27-411D-8327-2786B5D88599}"
EndProject
Project("{FAE04EC0-301F-11D3-BF4B-00C04F79EFBC}") = "LoggerLogic", "LoggerLogic\LoggerLogic.csproj", "{7881976C-D540-4FA4-8B7F-6E0A2FFBBAD5}"
EndProject
Global
	GlobalSection(SolutionConfigurationPlatforms) = preSolution
		Debug|Any CPU = Debug|Any CPU
		Release|Any CPU = Release|Any CPU
	EndGlobalSection
	GlobalSection(ProjectConfigurationPlatforms) = postSolution
		{E5241F5A-BB27-411D-8327-2786B5D88599}.Debug|Any CPU.ActiveCfg = Debug|Any CPU
		{E5241F5A-BB27-411D-8327-2786B5D88599}.Debug|Any CPU.Build.0 = Debug|Any CPU
		{E5241F5A-BB27-411D-8327-2786B5D88599}.Release|Any CPU.ActiveCfg = Release|Any CPU
		{E5241F5A-BB27-411D-8327-2786B5D88599}.Release|Any CPU.Build.0 = Release|Any CPU
		{7881976C-D540-4FA4-8B7F-6E0A2FFBBAD5}.Debug|Any CPU.ActiveCfg = Debug|Any CPU
		{7881976C-D540-4FA4-8B7F-6E0A2FFBBAD5}.Debug|Any CPU.Build.0 = Debug|Any CPU
		{7881976C-D540-4FA4-8B7F-6E0A2FFBBAD5}.Release|Any CPU.ActiveCfg = Release|Any CPU
		{7881976C-D540-4FA4-8B7F-6E0A2FFBBAD5}.Release|Any CPU.Build.0 = Release|Any CPU
	EndGlobalSection
	GlobalSection(SolutionProperties) = preSolution
		HideSolutionNode = FALSE
	EndGlobalSection
	GlobalSection(ExtensibilityGlobals) = postSolution
		SolutionGuid = {EBF79CD8-94BB-4C46-953A-430D28D86564}
	EndGlobalSection
EndGlobal
